
Microsoft Visual Studio Solution File, Format Version 12.00
# Visual Studio 2013
VisualStudioVersion = 12.0.31101.0
MinimumVisualStudioVersion = 10.0.40219.1
Project("{FAE04EC0-301F-11D3-BF4B-00C04F79EFBC}") = "BookList", "BookList\BookList.csproj", "{09AF067F-6182-4D27-B82C-EECFC71B029E}"
EndProject
Project("{FAE04EC0-301F-11D3-BF4B-00C04F79EFBC}") = "ConsoleUI", "ConsoleUI\ConsoleUI.csproj", "{E3CA32C9-F504-49F6-A03A-F3A4FAD28E49}"
EndProject
Global
	GlobalSection(SolutionConfigurationPlatforms) = preSolution
		Debug|Any CPU = Debug|Any CPU
		Release|Any CPU = Release|Any CPU
	EndGlobalSection
	GlobalSection(ProjectConfigurationPlatforms) = postSolution
		{09AF067F-6182-4D27-B82C-EECFC71B029E}.Debug|Any CPU.ActiveCfg = Debug|Any CPU
		{09AF067F-6182-4D27-B82C-EECFC71B029E}.Debug|Any CPU.Build.0 = Debug|Any CPU
		{09AF067F-6182-4D27-B82C-EECFC71B029E}.Release|Any CPU.ActiveCfg = Release|Any CPU
		{09AF067F-6182-4D27-B82C-EECFC71B029E}.Release|Any CPU.Build.0 = Release|Any CPU
		{E3CA32C9-F504-49F6-A03A-F3A4FAD28E49}.Debug|Any CPU.ActiveCfg = Debug|Any CPU
		{E3CA32C9-F504-49F6-A03A-F3A4FAD28E49}.Debug|Any CPU.Build.0 = Debug|Any CPU
		{E3CA32C9-F504-49F6-A03A-F3A4FAD28E49}.Release|Any CPU.ActiveCfg = Release|Any CPU
		{E3CA32C9-F504-49F6-A03A-F3A4FAD28E49}.Release|Any CPU.Build.0 = Release|Any CPU
	EndGlobalSection
	GlobalSection(SolutionProperties) = preSolution
		HideSolutionNode = FALSE
	EndGlobalSection
EndGlobal
